// !$*UTF8*$!
{
	archiveVersion = 1;
	classes = {
	};
	objectVersion = 77;
	objects = {

/* Begin PBXBuildFile section */
		1880D8D92ED7F3CD00BF6014 /* NetworkMonitoring.swift in Sources */ = {isa = PBXBuildFile; fileRef = 1880D8CA2ED7F3CD00BF6014 /* NetworkMonitoring.swift */; };
		1880D8DB2ED7F3CD00BF6014 /* NetworkMonitorError.swift in Sources */ = {isa = PBXBuildFile; fileRef = 1880D8C92ED7F3CD00BF6014 /* NetworkMonitorError.swift */; };
		1880D8DC2ED7F3CD00BF6014 /* NetworkChangeModels.swift in Sources */ = {isa = PBXBuildFile; fileRef = 1880D8CE2ED7F3CD00BF6014 /* NetworkChangeModels.swift */; };
		1880D8DD2ED7F3CD00BF6014 /* NetworkQualityAssessor.swift in Sources */ = {isa = PBXBuildFile; fileRef = 1880D8CB2ED7F3CD00BF6014 /* NetworkQualityAssessor.swift */; };
		1880D8DE2ED7F3CD00BF6014 /* NetworkCallbacks.swift in Sources */ = {isa = PBXBuildFile; fileRef = 1880D8C62ED7F3CD00BF6014 /* NetworkCallbacks.swift */; };
		1880D8DF2ED7F3CD00BF6014 /* ConnectionType.swift in Sources */ = {isa = PBXBuildFile; fileRef = 1880D8CD2ED7F3CD00BF6014 /* ConnectionType.swift */; };
		1880D8E02ED7F3CD00BF6014 /* NetworkMonitor.swift in Sources */ = {isa = PBXBuildFile; fileRef = 1880D8C82ED7F3CD00BF6014 /* NetworkMonitor.swift */; };
		1880D8E12ED7F3CD00BF6014 /* NetworkPath.swift in Sources */ = {isa = PBXBuildFile; fileRef = 1880D8CF2ED7F3CD00BF6014 /* NetworkPath.swift */; };
		1880D8E22ED7F3CD00BF6014 /* NetworkChangeTracker.swift in Sources */ = {isa = PBXBuildFile; fileRef = 1880D8C72ED7F3CD00BF6014 /* NetworkChangeTracker.swift */; };
		1880D8E32ED7F3CD00BF6014 /* QualityAssessmentModels.swift in Sources */ = {isa = PBXBuildFile; fileRef = 1880D8D12ED7F3CD00BF6014 /* QualityAssessmentModels.swift */; };
		1880D8E42ED7F3CD00BF6014 /* NetworkQuality.swift in Sources */ = {isa = PBXBuildFile; fileRef = 1880D8D02ED7F3CD00BF6014 /* NetworkQuality.swift */; };
		1880D8F82ED7FDFE00BF6014 /* NetworkStatusViewController.swift in Sources */ = {isa = PBXBuildFile; fileRef = 1880D8F12ED7FDFE00BF6014 /* NetworkStatusViewController.swift */; };
		1880D8F92ED7FDFE00BF6014 /* AsyncAwaitExample.swift in Sources */ = {isa = PBXBuildFile; fileRef = 1880D8EB2ED7FDFE00BF6014 /* AsyncAwaitExample.swift */; };
		1880D8FA2ED7FDFE00BF6014 /* AdaptiveContentView.swift in Sources */ = {isa = PBXBuildFile; fileRef = 1880D8EE2ED7FDFE00BF6014 /* AdaptiveContentView.swift */; };
		1880D8FB2ED7FDFE00BF6014 /* OfflineModeViewController.swift in Sources */ = {isa = PBXBuildFile; fileRef = 1880D8F22ED7FDFE00BF6014 /* OfflineModeViewController.swift */; };
		1880D8FE2ED7FDFE00BF6014 /* NetworkStatusView.swift in Sources */ = {isa = PBXBuildFile; fileRef = 1880D8EF2ED7FDFE00BF6014 /* NetworkStatusView.swift */; };
		1880D8FF2ED7FDFE00BF6014 /* AdaptiveQualityStrategy.swift in Sources */ = {isa = PBXBuildFile; fileRef = 1880D8EA2ED7FDFE00BF6014 /* AdaptiveQualityStrategy.swift */; };
		1880D9002ED7FDFE00BF6014 /* MultiMonitorCoordinator.swift in Sources */ = {isa = PBXBuildFile; fileRef = 1880D8EC2ED7FDFE00BF6014 /* MultiMonitorCoordinator.swift */; };
		1880D9012ED7FDFE00BF6014 /* API_REFERENCE.md in Resources */ = {isa = PBXBuildFile; fileRef = 1880D8E72ED7FDFE00BF6014 /* API_REFERENCE.md */; };
		1880D9022ED7FDFE00BF6014 /* USER_GUIDE.md in Resources */ = {isa = PBXBuildFile; fileRef = 1880D8E82ED7FDFE00BF6014 /* USER_GUIDE.md */; };
		1880D9032ED7FDFE00BF6014 /* README.md in Resources */ = {isa = PBXBuildFile; fileRef = 1880D8F62ED7FDFE00BF6014 /* README.md */; };
/* End PBXBuildFile section */

/* Begin PBXContainerItemProxy section */
		1880D8892ED7EF7000BF6014 /* PBXContainerItemProxy */ = {
			isa = PBXContainerItemProxy;
			containerPortal = 1880D8732ED7EF6F00BF6014 /* Project object */;
			proxyType = 1;
			remoteGlobalIDString = 1880D87A2ED7EF6F00BF6014;
			remoteInfo = XFENetworkMonitor;
		};
		1880D8932ED7EF7000BF6014 /* PBXContainerItemProxy */ = {
			isa = PBXContainerItemProxy;
			containerPortal = 1880D8732ED7EF6F00BF6014 /* Project object */;
			proxyType = 1;
			remoteGlobalIDString = 1880D87A2ED7EF6F00BF6014;
			remoteInfo = XFENetworkMonitor;
		};
/* End PBXContainerItemProxy section */

/* Begin PBXFileReference section */
		1880D87B2ED7EF6F00BF6014 /* XFENetworkMonitor.app */ = {isa = PBXFileReference; explicitFileType = wrapper.application; includeInIndex = 0; path = XFENetworkMonitor.app; sourceTree = BUILT_PRODUCTS_DIR; };
		1880D8882ED7EF7000BF6014 /* XFENetworkMonitorTests.xctest */ = {isa = PBXFileReference; explicitFileType = wrapper.cfbundle; includeInIndex = 0; path = XFENetworkMonitorTests.xctest; sourceTree = BUILT_PRODUCTS_DIR; };
		1880D8922ED7EF7000BF6014 /* XFENetworkMonitorUITests.xctest */ = {isa = PBXFileReference; explicitFileType = wrapper.cfbundle; includeInIndex = 0; path = XFENetworkMonitorUITests.xctest; sourceTree = BUILT_PRODUCTS_DIR; };
		1880D8C62ED7F3CD00BF6014 /* NetworkCallbacks.swift */ = {isa = PBXFileReference; lastKnownFileType = sourcecode.swift; path = NetworkCallbacks.swift; sourceTree = "<group>"; };
		1880D8C72ED7F3CD00BF6014 /* NetworkChangeTracker.swift */ = {isa = PBXFileReference; lastKnownFileType = sourcecode.swift; path = NetworkChangeTracker.swift; sourceTree = "<group>"; };
		1880D8C82ED7F3CD00BF6014 /* NetworkMonitor.swift */ = {isa = PBXFileReference; lastKnownFileType = sourcecode.swift; path = NetworkMonitor.swift; sourceTree = "<group>"; };
		1880D8C92ED7F3CD00BF6014 /* NetworkMonitorError.swift */ = {isa = PBXFileReference; lastKnownFileType = sourcecode.swift; path = NetworkMonitorError.swift; sourceTree = "<group>"; };
		1880D8CA2ED7F3CD00BF6014 /* NetworkMonitoring.swift */ = {isa = PBXFileReference; lastKnownFileType = sourcecode.swift; path = NetworkMonitoring.swift; sourceTree = "<group>"; };
		1880D8CB2ED7F3CD00BF6014 /* NetworkQualityAssessor.swift */ = {isa = PBXFileReference; lastKnownFileType = sourcecode.swift; path = NetworkQualityAssessor.swift; sourceTree = "<group>"; };
		1880D8CD2ED7F3CD00BF6014 /* ConnectionType.swift */ = {isa = PBXFileReference; lastKnownFileType = sourcecode.swift; path = ConnectionType.swift; sourceTree = "<group>"; };
		1880D8CE2ED7F3CD00BF6014 /* NetworkChangeModels.swift */ = {isa = PBXFileReference; lastKnownFileType = sourcecode.swift; path = NetworkChangeModels.swift; sourceTree = "<group>"; };
		1880D8CF2ED7F3CD00BF6014 /* NetworkPath.swift */ = {isa = PBXFileReference; lastKnownFileType = sourcecode.swift; path = NetworkPath.swift; sourceTree = "<group>"; };
		1880D8D02ED7F3CD00BF6014 /* NetworkQuality.swift */ = {isa = PBXFileReference; lastKnownFileType = sourcecode.swift; path = NetworkQuality.swift; sourceTree = "<group>"; };
		1880D8D12ED7F3CD00BF6014 /* QualityAssessmentModels.swift */ = {isa = PBXFileReference; lastKnownFileType = sourcecode.swift; path = QualityAssessmentModels.swift; sourceTree = "<group>"; };
		1880D8E72ED7FDFE00BF6014 /* API_REFERENCE.md */ = {isa = PBXFileReference; lastKnownFileType = net.daringfireball.markdown; path = API_REFERENCE.md; sourceTree = "<group>"; };
		1880D8E82ED7FDFE00BF6014 /* USER_GUIDE.md */ = {isa = PBXFileReference; lastKnownFileType = net.daringfireball.markdown; path = USER_GUIDE.md; sourceTree = "<group>"; };
		1880D8EA2ED7FDFE00BF6014 /* AdaptiveQualityStrategy.swift */ = {isa = PBXFileReference; lastKnownFileType = sourcecode.swift; path = AdaptiveQualityStrategy.swift; sourceTree = "<group>"; };
		1880D8EB2ED7FDFE00BF6014 /* AsyncAwaitExample.swift */ = {isa = PBXFileReference; lastKnownFileType = sourcecode.swift; path = AsyncAwaitExample.swift; sourceTree = "<group>"; };
		1880D8EC2ED7FDFE00BF6014 /* MultiMonitorCoordinator.swift */ = {isa = PBXFileReference; lastKnownFileType = sourcecode.swift; path = MultiMonitorCoordinator.swift; sourceTree = "<group>"; };
		1880D8EE2ED7FDFE00BF6014 /* AdaptiveContentView.swift */ = {isa = PBXFileReference; lastKnownFileType = sourcecode.swift; path = AdaptiveContentView.swift; sourceTree = "<group>"; };
		1880D8EF2ED7FDFE00BF6014 /* NetworkStatusView.swift */ = {isa = PBXFileReference; lastKnownFileType = sourcecode.swift; path = NetworkStatusView.swift; sourceTree = "<group>"; };
		1880D8F12ED7FDFE00BF6014 /* NetworkStatusViewController.swift */ = {isa = PBXFileReference; lastKnownFileType = sourcecode.swift; path = NetworkStatusViewController.swift; sourceTree = "<group>"; };
		1880D8F22ED7FDFE00BF6014 /* OfflineModeViewController.swift */ = {isa = PBXFileReference; lastKnownFileType = sourcecode.swift; path = OfflineModeViewController.swift; sourceTree = "<group>"; };
		1880D8F62ED7FDFE00BF6014 /* README.md */ = {isa = PBXFileReference; lastKnownFileType = net.daringfireball.markdown; path = README.md; sourceTree = "<group>"; };
/* End PBXFileReference section */

/* Begin PBXFileSystemSynchronizedRootGroup section */
		1880D87D2ED7EF6F00BF6014 /* XFENetworkMonitor */ = {
			isa = PBXFileSystemSynchronizedRootGroup;
			path = XFENetworkMonitor;
			sourceTree = "<group>";
		};
		1880D88B2ED7EF7000BF6014 /* XFENetworkMonitorTests */ = {
			isa = PBXFileSystemSynchronizedRootGroup;
			path = XFENetworkMonitorTests;
			sourceTree = "<group>";
		};
		1880D8952ED7EF7000BF6014 /* XFENetworkMonitorUITests */ = {
			isa = PBXFileSystemSynchronizedRootGroup;
			path = XFENetworkMonitorUITests;
			sourceTree = "<group>";
		};
/* End PBXFileSystemSynchronizedRootGroup section */

/* Begin PBXFrameworksBuildPhase section */
		1880D8782ED7EF6F00BF6014 /* Frameworks */ = {
			isa = PBXFrameworksBuildPhase;
			buildActionMask = 2147483647;
			files = (
			);
			runOnlyForDeploymentPostprocessing = 0;
		};
		1880D8852ED7EF7000BF6014 /* Frameworks */ = {
			isa = PBXFrameworksBuildPhase;
			buildActionMask = 2147483647;
			files = (
			);
			runOnlyForDeploymentPostprocessing = 0;
		};
		1880D88F2ED7EF7000BF6014 /* Frameworks */ = {
			isa = PBXFrameworksBuildPhase;
			buildActionMask = 2147483647;
			files = (
			);
			runOnlyForDeploymentPostprocessing = 0;
		};
/* End PBXFrameworksBuildPhase section */

/* Begin PBXGroup section */
		1880D8722ED7EF6F00BF6014 = {
			isa = PBXGroup;
			children = (
				1880D8D82ED7F3CD00BF6014 /* Sources */,
				1880D87D2ED7EF6F00BF6014 /* XFENetworkMonitor */,
				1880D88B2ED7EF7000BF6014 /* XFENetworkMonitorTests */,
				1880D8952ED7EF7000BF6014 /* XFENetworkMonitorUITests */,
				1880D87C2ED7EF6F00BF6014 /* Products */,
			);
			sourceTree = "<group>";
		};
		1880D87C2ED7EF6F00BF6014 /* Products */ = {
			isa = PBXGroup;
			children = (
				1880D87B2ED7EF6F00BF6014 /* XFENetworkMonitor.app */,
				1880D8882ED7EF7000BF6014 /* XFENetworkMonitorTests.xctest */,
				1880D8922ED7EF7000BF6014 /* XFENetworkMonitorUITests.xctest */,
			);
			name = Products;
			sourceTree = "<group>";
		};
		1880D8CC2ED7F3CD00BF6014 /* Core */ = {
			isa = PBXGroup;
			children = (
				1880D8C62ED7F3CD00BF6014 /* NetworkCallbacks.swift */,
				1880D8C72ED7F3CD00BF6014 /* NetworkChangeTracker.swift */,
				1880D8C82ED7F3CD00BF6014 /* NetworkMonitor.swift */,
				1880D8C92ED7F3CD00BF6014 /* NetworkMonitorError.swift */,
				1880D8CA2ED7F3CD00BF6014 /* NetworkMonitoring.swift */,
				1880D8CB2ED7F3CD00BF6014 /* NetworkQualityAssessor.swift */,
			);
			path = Core;
			sourceTree = "<group>";
		};
		1880D8D22ED7F3CD00BF6014 /* Models */ = {
			isa = PBXGroup;
			children = (
				1880D8CD2ED7F3CD00BF6014 /* ConnectionType.swift */,
				1880D8CE2ED7F3CD00BF6014 /* NetworkChangeModels.swift */,
				1880D8CF2ED7F3CD00BF6014 /* NetworkPath.swift */,
				1880D8D02ED7F3CD00BF6014 /* NetworkQuality.swift */,
				1880D8D12ED7F3CD00BF6014 /* QualityAssessmentModels.swift */,
			);
			path = Models;
			sourceTree = "<group>";
		};
		1880D8D32ED7F3CD00BF6014 /* NetworkMonitor */ = {
			isa = PBXGroup;
			children = (
				1880D8CC2ED7F3CD00BF6014 /* Core */,
				1880D8D22ED7F3CD00BF6014 /* Models */,
			);
			path = NetworkMonitor;
			sourceTree = "<group>";
		};
		1880D8D82ED7F3CD00BF6014 /* Sources */ = {
			isa = PBXGroup;
			children = (
				1880D8E92ED7FDFE00BF6014 /* docs */,
				1880D8F72ED7FDFE00BF6014 /* Examples */,
				1880D8D32ED7F3CD00BF6014 /* NetworkMonitor */,
			);
			path = Sources;
			sourceTree = "<group>";
		};
		1880D8E92ED7FDFE00BF6014 /* docs */ = {
			isa = PBXGroup;
			children = (
				1880D8E72ED7FDFE00BF6014 /* API_REFERENCE.md */,
				1880D8E82ED7FDFE00BF6014 /* USER_GUIDE.md */,
			);
			path = docs;
			sourceTree = "<group>";
		};
		1880D8ED2ED7FDFE00BF6014 /* Advanced */ = {
			isa = PBXGroup;
			children = (
				1880D8EA2ED7FDFE00BF6014 /* AdaptiveQualityStrategy.swift */,
				1880D8EB2ED7FDFE00BF6014 /* AsyncAwaitExample.swift */,
				1880D8EC2ED7FDFE00BF6014 /* MultiMonitorCoordinator.swift */,
			);
			path = Advanced;
			sourceTree = "<group>";
		};
		1880D8F02ED7FDFE00BF6014 /* SwiftUI */ = {
			isa = PBXGroup;
			children = (
				1880D8EE2ED7FDFE00BF6014 /* AdaptiveContentView.swift */,
				1880D8EF2ED7FDFE00BF6014 /* NetworkStatusView.swift */,
			);
			path = SwiftUI;
			sourceTree = "<group>";
		};
		1880D8F32ED7FDFE00BF6014 /* UIKit */ = {
			isa = PBXGroup;
			children = (
				1880D8F12ED7FDFE00BF6014 /* NetworkStatusViewController.swift */,
				1880D8F22ED7FDFE00BF6014 /* OfflineModeViewController.swift */,
			);
			path = UIKit;
			sourceTree = "<group>";
		};
		1880D8F72ED7FDFE00BF6014 /* Examples */ = {
			isa = PBXGroup;
			children = (
				1880D8ED2ED7FDFE00BF6014 /* Advanced */,
				1880D8F02ED7FDFE00BF6014 /* SwiftUI */,
				1880D8F32ED7FDFE00BF6014 /* UIKit */,
				1880D8F62ED7FDFE00BF6014 /* README.md */,
			);
			path = Examples;
			sourceTree = "<group>";
		};
/* End PBXGroup section */

/* Begin PBXNativeTarget section */
		1880D87A2ED7EF6F00BF6014 /* XFENetworkMonitor */ = {
			isa = PBXNativeTarget;
			buildConfigurationList = 1880D89C2ED7EF7000BF6014 /* Build configuration list for PBXNativeTarget "XFENetworkMonitor" */;
			buildPhases = (
				1880D8772ED7EF6F00BF6014 /* Sources */,
				1880D8782ED7EF6F00BF6014 /* Frameworks */,
				1880D8792ED7EF6F00BF6014 /* Resources */,
			);
			buildRules = (
			);
			dependencies = (
			);
			fileSystemSynchronizedGroups = (
				1880D87D2ED7EF6F00BF6014 /* XFENetworkMonitor */,
			);
			name = XFENetworkMonitor;
			packageProductDependencies = (
			);
			productName = XFENetworkMonitor;
			productReference = 1880D87B2ED7EF6F00BF6014 /* XFENetworkMonitor.app */;
			productType = "com.apple.product-type.application";
		};
		1880D8872ED7EF7000BF6014 /* XFENetworkMonitorTests */ = {
			isa = PBXNativeTarget;
			buildConfigurationList = 1880D89F2ED7EF7000BF6014 /* Build configuration list for PBXNativeTarget "XFENetworkMonitorTests" */;
			buildPhases = (
				1880D8842ED7EF7000BF6014 /* Sources */,
				1880D8852ED7EF7000BF6014 /* Frameworks */,
				1880D8862ED7EF7000BF6014 /* Resources */,
			);
			buildRules = (
			);
			dependencies = (
				1880D88A2ED7EF7000BF6014 /* PBXTargetDependency */,
			);
			fileSystemSynchronizedGroups = (
				1880D88B2ED7EF7000BF6014 /* XFENetworkMonitorTests */,
			);
			name = XFENetworkMonitorTests;
			packageProductDependencies = (
			);
			productName = XFENetworkMonitorTests;
			productReference = 1880D8882ED7EF7000BF6014 /* XFENetworkMonitorTests.xctest */;
			productType = "com.apple.product-type.bundle.unit-test";
		};
		1880D8912ED7EF7000BF6014 /* XFENetworkMonitorUITests */ = {
			isa = PBXNativeTarget;
			buildConfigurationList = 1880D8A22ED7EF7000BF6014 /* Build configuration list for PBXNativeTarget "XFENetworkMonitorUITests" */;
			buildPhases = (
				1880D88E2ED7EF7000BF6014 /* Sources */,
				1880D88F2ED7EF7000BF6014 /* Frameworks */,
				1880D8902ED7EF7000BF6014 /* Resources */,
			);
			buildRules = (
			);
			dependencies = (
				1880D8942ED7EF7000BF6014 /* PBXTargetDependency */,
			);
			fileSystemSynchronizedGroups = (
				1880D8952ED7EF7000BF6014 /* XFENetworkMonitorUITests */,
			);
			name = XFENetworkMonitorUITests;
			packageProductDependencies = (
			);
			productName = XFENetworkMonitorUITests;
			productReference = 1880D8922ED7EF7000BF6014 /* XFENetworkMonitorUITests.xctest */;
			productType = "com.apple.product-type.bundle.ui-testing";
		};
/* End PBXNativeTarget section */

/* Begin PBXProject section */
		1880D8732ED7EF6F00BF6014 /* Project object */ = {
			isa = PBXProject;
			attributes = {
				BuildIndependentTargetsInParallel = 1;
				LastSwiftUpdateCheck = 2610;
				LastUpgradeCheck = 2610;
				TargetAttributes = {
					1880D87A2ED7EF6F00BF6014 = {
						CreatedOnToolsVersion = 26.1.1;
					};
					1880D8872ED7EF7000BF6014 = {
						CreatedOnToolsVersion = 26.1.1;
						TestTargetID = 1880D87A2ED7EF6F00BF6014;
					};
					1880D8912ED7EF7000BF6014 = {
						CreatedOnToolsVersion = 26.1.1;
						TestTargetID = 1880D87A2ED7EF6F00BF6014;
					};
				};
			};
			buildConfigurationList = 1880D8762ED7EF6F00BF6014 /* Build configuration list for PBXProject "XFENetworkMonitor" */;
			developmentRegion = en;
			hasScannedForEncodings = 0;
			knownRegions = (
				en,
				Base,
			);
			mainGroup = 1880D8722ED7EF6F00BF6014;
			minimizedProjectReferenceProxies = 1;
			preferredProjectObjectVersion = 77;
			productRefGroup = 1880D87C2ED7EF6F00BF6014 /* Products */;
			projectDirPath = "";
			projectRoot = "";
			targets = (
				1880D87A2ED7EF6F00BF6014 /* XFENetworkMonitor */,
				1880D8872ED7EF7000BF6014 /* XFENetworkMonitorTests */,
				1880D8912ED7EF7000BF6014 /* XFENetworkMonitorUITests */,
			);
		};
/* End PBXProject section */

/* Begin PBXResourcesBuildPhase section */
		1880D8792ED7EF6F00BF6014 /* Resources */ = {
			isa = PBXResourcesBuildPhase;
			buildActionMask = 2147483647;
			files = (
				1880D9012ED7FDFE00BF6014 /* API_REFERENCE.md in Resources */,
				1880D9022ED7FDFE00BF6014 /* USER_GUIDE.md in Resources */,
				1880D9032ED7FDFE00BF6014 /* README.md in Resources */,
			);
			runOnlyForDeploymentPostprocessing = 0;
		};
		1880D8862ED7EF7000BF6014 /* Resources */ = {
			isa = PBXResourcesBuildPhase;
			buildActionMask = 2147483647;
			files = (
			);
			runOnlyForDeploymentPostprocessing = 0;
		};
		1880D8902ED7EF7000BF6014 /* Resources */ = {
			isa = PBXResourcesBuildPhase;
			buildActionMask = 2147483647;
			files = (
			);
			runOnlyForDeploymentPostprocessing = 0;
		};
/* End PBXResourcesBuildPhase section */

/* Begin PBXSourcesBuildPhase section */
		1880D8772ED7EF6F00BF6014 /* Sources */ = {
			isa = PBXSourcesBuildPhase;
			buildActionMask = 2147483647;
			files = (
				1880D8D92ED7F3CD00BF6014 /* NetworkMonitoring.swift in Sources */,
				1880D8DB2ED7F3CD00BF6014 /* NetworkMonitorError.swift in Sources */,
				1880D8DC2ED7F3CD00BF6014 /* NetworkChangeModels.swift in Sources */,
				1880D8DD2ED7F3CD00BF6014 /* NetworkQualityAssessor.swift in Sources */,
				1880D8DE2ED7F3CD00BF6014 /* NetworkCallbacks.swift in Sources */,
				1880D8DF2ED7F3CD00BF6014 /* ConnectionType.swift in Sources */,
				1880D8E02ED7F3CD00BF6014 /* NetworkMonitor.swift in Sources */,
				1880D8E12ED7F3CD00BF6014 /* NetworkPath.swift in Sources */,
				1880D8E22ED7F3CD00BF6014 /* NetworkChangeTracker.swift in Sources */,
				1880D8F82ED7FDFE00BF6014 /* NetworkStatusViewController.swift in Sources */,
				1880D8F92ED7FDFE00BF6014 /* AsyncAwaitExample.swift in Sources */,
				1880D8FA2ED7FDFE00BF6014 /* AdaptiveContentView.swift in Sources */,
				1880D8FB2ED7FDFE00BF6014 /* OfflineModeViewController.swift in Sources */,
				1880D8FE2ED7FDFE00BF6014 /* NetworkStatusView.swift in Sources */,
				1880D8FF2ED7FDFE00BF6014 /* AdaptiveQualityStrategy.swift in Sources */,
				1880D9002ED7FDFE00BF6014 /* MultiMonitorCoordinator.swift in Sources */,
				1880D8E32ED7F3CD00BF6014 /* QualityAssessmentModels.swift in Sources */,
				1880D8E42ED7F3CD00BF6014 /* NetworkQuality.swift in Sources */,
			);
			runOnlyForDeploymentPostprocessing = 0;
		};
		1880D8842ED7EF7000BF6014 /* Sources */ = {
			isa = PBXSourcesBuildPhase;
			buildActionMask = 2147483647;
			files = (
			);
			runOnlyForDeploymentPostprocessing = 0;
		};
		1880D88E2ED7EF7000BF6014 /* Sources */ = {
			isa = PBXSourcesBuildPhase;
			buildActionMask = 2147483647;
			files = (
			);
			runOnlyForDeploymentPostprocessing = 0;
		};
/* End PBXSourcesBuildPhase section */

/* Begin PBXTargetDependency section */
		1880D88A2ED7EF7000BF6014 /* PBXTargetDependency */ = {
			isa = PBXTargetDependency;
			target = 1880D87A2ED7EF6F00BF6014 /* XFENetworkMonitor */;
			targetProxy = 1880D8892ED7EF7000BF6014 /* PBXContainerItemProxy */;
		};
		1880D8942ED7EF7000BF6014 /* PBXTargetDependency */ = {
			isa = PBXTargetDependency;
			target = 1880D87A2ED7EF6F00BF6014 /* XFENetworkMonitor */;
			targetProxy = 1880D8932ED7EF7000BF6014 /* PBXContainerItemProxy */;
		};
/* End PBXTargetDependency section */

/* Begin XCBuildConfiguration section */
		1880D89A2ED7EF7000BF6014 /* Debug */ = {
			isa = XCBuildConfiguration;
			buildSettings = {
				ALWAYS_SEARCH_USER_PATHS = NO;
				ASSETCATALOG_COMPILER_GENERATE_SWIFT_ASSET_SYMBOL_EXTENSIONS = YES;
				CLANG_ANALYZER_NONNULL = YES;
				CLANG_ANALYZER_NUMBER_OBJECT_CONVERSION = YES_AGGRESSIVE;
				CLANG_CXX_LANGUAGE_STANDARD = "gnu++20";
				CLANG_ENABLE_MODULES = YES;
				CLANG_ENABLE_OBJC_ARC = YES;
				CLANG_ENABLE_OBJC_WEAK = YES;
				CLANG_WARN_BLOCK_CAPTURE_AUTORELEASING = YES;
				CLANG_WARN_BOOL_CONVERSION = YES;
				CLANG_WARN_COMMA = YES;
				CLANG_WARN_CONSTANT_CONVERSION = YES;
				CLANG_WARN_DEPRECATED_OBJC_IMPLEMENTATIONS = YES;
				CLANG_WARN_DIRECT_OBJC_ISA_USAGE = YES_ERROR;
				CLANG_WARN_DOCUMENTATION_COMMENTS = YES;
				CLANG_WARN_EMPTY_BODY = YES;
				CLANG_WARN_ENUM_CONVERSION = YES;
				CLANG_WARN_INFINITE_RECURSION = YES;
				CLANG_WARN_INT_CONVERSION = YES;
				CLANG_WARN_NON_LITERAL_NULL_CONVERSION = YES;
				CLANG_WARN_OBJC_IMPLICIT_RETAIN_SELF = YES;
				CLANG_WARN_OBJC_LITERAL_CONVERSION = YES;
				CLANG_WARN_OBJC_ROOT_CLASS = YES_ERROR;
				CLANG_WARN_QUOTED_INCLUDE_IN_FRAMEWORK_HEADER = YES;
				CLANG_WARN_RANGE_LOOP_ANALYSIS = YES;
				CLANG_WARN_STRICT_PROTOTYPES = YES;
				CLANG_WARN_SUSPICIOUS_MOVE = YES;
				CLANG_WARN_UNGUARDED_AVAILABILITY = YES_AGGRESSIVE;
				CLANG_WARN_UNREACHABLE_CODE = YES;
				CLANG_WARN__DUPLICATE_METHOD_MATCH = YES;
				COPY_PHASE_STRIP = NO;
				DEBUG_INFORMATION_FORMAT = dwarf;
				ENABLE_STRICT_OBJC_MSGSEND = YES;
				ENABLE_TESTABILITY = YES;
				ENABLE_USER_SCRIPT_SANDBOXING = YES;
				GCC_C_LANGUAGE_STANDARD = gnu17;
				GCC_DYNAMIC_NO_PIC = NO;
				GCC_NO_COMMON_BLOCKS = YES;
				GCC_OPTIMIZATION_LEVEL = 0;
				GCC_PREPROCESSOR_DEFINITIONS = (
					"DEBUG=1",
					"$(inherited)",
				);
				GCC_WARN_64_TO_32_BIT_CONVERSION = YES;
				GCC_WARN_ABOUT_RETURN_TYPE = YES_ERROR;
				GCC_WARN_UNDECLARED_SELECTOR = YES;
				GCC_WARN_UNINITIALIZED_AUTOS = YES_AGGRESSIVE;
				GCC_WARN_UNUSED_FUNCTION = YES;
				GCC_WARN_UNUSED_VARIABLE = YES;
				LOCALIZATION_PREFERS_STRING_CATALOGS = YES;
				MTL_ENABLE_DEBUG_INFO = INCLUDE_SOURCE;
				MTL_FAST_MATH = YES;
				ONLY_ACTIVE_ARCH = YES;
				SWIFT_ACTIVE_COMPILATION_CONDITIONS = "DEBUG $(inherited)";
				SWIFT_OPTIMIZATION_LEVEL = "-Onone";
			};
			name = Debug;
		};
		1880D89B2ED7EF7000BF6014 /* Release */ = {
			isa = XCBuildConfiguration;
			buildSettings = {
				ALWAYS_SEARCH_USER_PATHS = NO;
				ASSETCATALOG_COMPILER_GENERATE_SWIFT_ASSET_SYMBOL_EXTENSIONS = YES;
				CLANG_ANALYZER_NONNULL = YES;
				CLANG_ANALYZER_NUMBER_OBJECT_CONVERSION = YES_AGGRESSIVE;
				CLANG_CXX_LANGUAGE_STANDARD = "gnu++20";
				CLANG_ENABLE_MODULES = YES;
				CLANG_ENABLE_OBJC_ARC = YES;
				CLANG_ENABLE_OBJC_WEAK = YES;
				CLANG_WARN_BLOCK_CAPTURE_AUTORELEASING = YES;
				CLANG_WARN_BOOL_CONVERSION = YES;
				CLANG_WARN_COMMA = YES;
				CLANG_WARN_CONSTANT_CONVERSION = YES;
				CLANG_WARN_DEPRECATED_OBJC_IMPLEMENTATIONS = YES;
				CLANG_WARN_DIRECT_OBJC_ISA_USAGE = YES_ERROR;
				CLANG_WARN_DOCUMENTATION_COMMENTS = YES;
				CLANG_WARN_EMPTY_BODY = YES;
				CLANG_WARN_ENUM_CONVERSION = YES;
				CLANG_WARN_INFINITE_RECURSION = YES;
				CLANG_WARN_INT_CONVERSION = YES;
				CLANG_WARN_NON_LITERAL_NULL_CONVERSION = YES;
				CLANG_WARN_OBJC_IMPLICIT_RETAIN_SELF = YES;
				CLANG_WARN_OBJC_LITERAL_CONVERSION = YES;
				CLANG_WARN_OBJC_ROOT_CLASS = YES_ERROR;
				CLANG_WARN_QUOTED_INCLUDE_IN_FRAMEWORK_HEADER = YES;
				CLANG_WARN_RANGE_LOOP_ANALYSIS = YES;
				CLANG_WARN_STRICT_PROTOTYPES = YES;
				CLANG_WARN_SUSPICIOUS_MOVE = YES;
				CLANG_WARN_UNGUARDED_AVAILABILITY = YES_AGGRESSIVE;
				CLANG_WARN_UNREACHABLE_CODE = YES;
				CLANG_WARN__DUPLICATE_METHOD_MATCH = YES;
				COPY_PHASE_STRIP = NO;
				DEBUG_INFORMATION_FORMAT = "dwarf-with-dsym";
				ENABLE_NS_ASSERTIONS = NO;
				ENABLE_STRICT_OBJC_MSGSEND = YES;
				ENABLE_USER_SCRIPT_SANDBOXING = YES;
				GCC_C_LANGUAGE_STANDARD = gnu17;
				GCC_NO_COMMON_BLOCKS = YES;
				GCC_WARN_64_TO_32_BIT_CONVERSION = YES;
				GCC_WARN_ABOUT_RETURN_TYPE = YES_ERROR;
				GCC_WARN_UNDECLARED_SELECTOR = YES;
				GCC_WARN_UNINITIALIZED_AUTOS = YES_AGGRESSIVE;
				GCC_WARN_UNUSED_FUNCTION = YES;
				GCC_WARN_UNUSED_VARIABLE = YES;
				LOCALIZATION_PREFERS_STRING_CATALOGS = YES;
				MTL_ENABLE_DEBUG_INFO = NO;
				MTL_FAST_MATH = YES;
				SWIFT_COMPILATION_MODE = wholemodule;
			};
			name = Release;
		};
		1880D89D2ED7EF7000BF6014 /* Debug */ = {
			isa = XCBuildConfiguration;
			buildSettings = {
				ASSETCATALOG_COMPILER_APPICON_NAME = AppIcon;
				ASSETCATALOG_COMPILER_GLOBAL_ACCENT_COLOR_NAME = AccentColor;
				CODE_SIGN_STYLE = Automatic;
				CURRENT_PROJECT_VERSION = 1;
				ENABLE_APP_SANDBOX = YES;
				ENABLE_PREVIEWS = YES;
				ENABLE_USER_SELECTED_FILES = readonly;
				GENERATE_INFOPLIST_FILE = YES;
				"INFOPLIST_KEY_UIApplicationSceneManifest_Generation[sdk=iphoneos*]" = YES;
				"INFOPLIST_KEY_UIApplicationSceneManifest_Generation[sdk=iphonesimulator*]" = YES;
				"INFOPLIST_KEY_UIApplicationSupportsIndirectInputEvents[sdk=iphoneos*]" = YES;
				"INFOPLIST_KEY_UIApplicationSupportsIndirectInputEvents[sdk=iphonesimulator*]" = YES;
				"INFOPLIST_KEY_UILaunchScreen_Generation[sdk=iphoneos*]" = YES;
				"INFOPLIST_KEY_UILaunchScreen_Generation[sdk=iphonesimulator*]" = YES;
				"INFOPLIST_KEY_UIStatusBarStyle[sdk=iphoneos*]" = UIStatusBarStyleDefault;
				"INFOPLIST_KEY_UIStatusBarStyle[sdk=iphonesimulator*]" = UIStatusBarStyleDefault;
				INFOPLIST_KEY_UISupportedInterfaceOrientations = UIInterfaceOrientationPortrait;
				INFOPLIST_KEY_UISupportedInterfaceOrientations_iPad = "UIInterfaceOrientationLandscapeLeft UIInterfaceOrientationLandscapeRight UIInterfaceOrientationPortrait UIInterfaceOrientationPortraitUpsideDown";
				IPHONEOS_DEPLOYMENT_TARGET = 15;
				LD_RUNPATH_SEARCH_PATHS = "@executable_path/Frameworks";
				"LD_RUNPATH_SEARCH_PATHS[sdk=macosx*]" = "@executable_path/../Frameworks";
				MACOSX_DEPLOYMENT_TARGET = 26.1;
				MARKETING_VERSION = 1.0;
				PRODUCT_BUNDLE_IDENTIFIER = xfehome.XFENetworkMonitor;
				PRODUCT_NAME = "$(TARGET_NAME)";
				REGISTER_APP_GROUPS = YES;
				SDKROOT = auto;
				STRING_CATALOG_GENERATE_SYMBOLS = YES;
				SUPPORTED_PLATFORMS = "iphoneos iphonesimulator";
				SUPPORTS_MACCATALYST = NO;
				SWIFT_APPROACHABLE_CONCURRENCY = YES;
				SWIFT_DEFAULT_ACTOR_ISOLATION = MainActor;
				SWIFT_EMIT_LOC_STRINGS = YES;
				SWIFT_UPCOMING_FEATURE_MEMBER_IMPORT_VISIBILITY = YES;
				SWIFT_VERSION = 5.0;
				TARGETED_DEVICE_FAMILY = 1;
				XROS_DEPLOYMENT_TARGET = 26.1;
			};
			name = Debug;
		};
		1880D89E2ED7EF7000BF6014 /* Release */ = {
			isa = XCBuildConfiguration;
			buildSettings = {
				ASSETCATALOG_COMPILER_APPICON_NAME = AppIcon;
				ASSETCATALOG_COMPILER_GLOBAL_ACCENT_COLOR_NAME = AccentColor;
				CODE_SIGN_STYLE = Automatic;
				CURRENT_PROJECT_VERSION = 1;
				ENABLE_APP_SANDBOX = YES;
				ENABLE_PREVIEWS = YES;
				ENABLE_USER_SELECTED_FILES = readonly;
				GENERATE_INFOPLIST_FILE = YES;
				"INFOPLIST_KEY_UIApplicationSceneManifest_Generation[sdk=iphoneos*]" = YES;
				"INFOPLIST_KEY_UIApplicationSceneManifest_Generation[sdk=iphonesimulator*]" = YES;
				"INFOPLIST_KEY_UIApplicationSupportsIndirectInputEvents[sdk=iphoneos*]" = YES;
				"INFOPLIST_KEY_UIApplicationSupportsIndirectInputEvents[sdk=iphonesimulator*]" = YES;
				"INFOPLIST_KEY_UILaunchScreen_Generation[sdk=iphoneos*]" = YES;
				"INFOPLIST_KEY_UILaunchScreen_Generation[sdk=iphonesimulator*]" = YES;
				"INFOPLIST_KEY_UIStatusBarStyle[sdk=iphoneos*]" = UIStatusBarStyleDefault;
				"INFOPLIST_KEY_UIStatusBarStyle[sdk=iphonesimulator*]" = UIStatusBarStyleDefault;
				INFOPLIST_KEY_UISupportedInterfaceOrientations = UIInterfaceOrientationPortrait;
				INFOPLIST_KEY_UISupportedInterfaceOrientations_iPad = "UIInterfaceOrientationLandscapeLeft UIInterfaceOrientationLandscapeRight UIInterfaceOrientationPortrait UIInterfaceOrientationPortraitUpsideDown";
				IPHONEOS_DEPLOYMENT_TARGET = 15;
				LD_RUNPATH_SEARCH_PATHS = "@executable_path/Frameworks";
				"LD_RUNPATH_SEARCH_PATHS[sdk=macosx*]" = "@executable_path/../Frameworks";
				MACOSX_DEPLOYMENT_TARGET = 26.1;
				MARKETING_VERSION = 1.0;
				PRODUCT_BUNDLE_IDENTIFIER = xfehome.XFENetworkMonitor;
				PRODUCT_NAME = "$(TARGET_NAME)";
				REGISTER_APP_GROUPS = YES;
				SDKROOT = auto;
				STRING_CATALOG_GENERATE_SYMBOLS = YES;
				SUPPORTED_PLATFORMS = "iphoneos iphonesimulator";
				SUPPORTS_MACCATALYST = NO;
				SWIFT_APPROACHABLE_CONCURRENCY = YES;
				SWIFT_DEFAULT_ACTOR_ISOLATION = MainActor;
				SWIFT_EMIT_LOC_STRINGS = YES;
				SWIFT_UPCOMING_FEATURE_MEMBER_IMPORT_VISIBILITY = YES;
				SWIFT_VERSION = 5.0;
				TARGETED_DEVICE_FAMILY = 1;
				XROS_DEPLOYMENT_TARGET = 26.1;
			};
			name = Release;
		};
		1880D8A02ED7EF7000BF6014 /* Debug */ = {
			isa = XCBuildConfiguration;
			buildSettings = {
				BUNDLE_LOADER = "$(TEST_HOST)";
				CODE_SIGN_STYLE = Automatic;
				CURRENT_PROJECT_VERSION = 1;
				GENERATE_INFOPLIST_FILE = YES;
				IPHONEOS_DEPLOYMENT_TARGET = 26.1;
				MACOSX_DEPLOYMENT_TARGET = 26.1;
				MARKETING_VERSION = 1.0;
				PRODUCT_BUNDLE_IDENTIFIER = xfehome.XFENetworkMonitorTests;
				PRODUCT_NAME = "$(TARGET_NAME)";
				SDKROOT = auto;
				STRING_CATALOG_GENERATE_SYMBOLS = NO;
				SUPPORTED_PLATFORMS = "iphoneos iphonesimulator macosx xros xrsimulator";
				SWIFT_APPROACHABLE_CONCURRENCY = YES;
				SWIFT_EMIT_LOC_STRINGS = NO;
				SWIFT_UPCOMING_FEATURE_MEMBER_IMPORT_VISIBILITY = YES;
				SWIFT_VERSION = 5.0;
				TARGETED_DEVICE_FAMILY = "1,2,7";
				TEST_HOST = "$(BUILT_PRODUCTS_DIR)/XFENetworkMonitor.app/$(BUNDLE_EXECUTABLE_FOLDER_PATH)/XFENetworkMonitor";
				XROS_DEPLOYMENT_TARGET = 26.1;
			};
			name = Debug;
		};
		1880D8A12ED7EF7000BF6014 /* Release */ = {
			isa = XCBuildConfiguration;
			buildSettings = {
				BUNDLE_LOADER = "$(TEST_HOST)";
				CODE_SIGN_STYLE = Automatic;
				CURRENT_PROJECT_VERSION = 1;
				GENERATE_INFOPLIST_FILE = YES;
				IPHONEOS_DEPLOYMENT_TARGET = 26.1;
				MACOSX_DEPLOYMENT_TARGET = 26.1;
				MARKETING_VERSION = 1.0;
				PRODUCT_BUNDLE_IDENTIFIER = xfehome.XFENetworkMonitorTests;
				PRODUCT_NAME = "$(TARGET_NAME)";
				SDKROOT = auto;
				STRING_CATALOG_GENERATE_SYMBOLS = NO;
				SUPPORTED_PLATFORMS = "iphoneos iphonesimulator macosx xros xrsimulator";
				SWIFT_APPROACHABLE_CONCURRENCY = YES;
				SWIFT_EMIT_LOC_STRINGS = NO;
				SWIFT_UPCOMING_FEATURE_MEMBER_IMPORT_VISIBILITY = YES;
				SWIFT_VERSION = 5.0;
				TARGETED_DEVICE_FAMILY = "1,2,7";
				TEST_HOST = "$(BUILT_PRODUCTS_DIR)/XFENetworkMonitor.app/$(BUNDLE_EXECUTABLE_FOLDER_PATH)/XFENetworkMonitor";
				XROS_DEPLOYMENT_TARGET = 26.1;
			};
			name = Release;
		};
		1880D8A32ED7EF7000BF6014 /* Debug */ = {
			isa = XCBuildConfiguration;
			buildSettings = {
				CODE_SIGN_STYLE = Automatic;
				CURRENT_PROJECT_VERSION = 1;
				GENERATE_INFOPLIST_FILE = YES;
				IPHONEOS_DEPLOYMENT_TARGET = 26.1;
				MACOSX_DEPLOYMENT_TARGET = 26.1;
				MARKETING_VERSION = 1.0;
				PRODUCT_BUNDLE_IDENTIFIER = xfehome.XFENetworkMonitorUITests;
				PRODUCT_NAME = "$(TARGET_NAME)";
				SDKROOT = auto;
				STRING_CATALOG_GENERATE_SYMBOLS = NO;
				SUPPORTED_PLATFORMS = "iphoneos iphonesimulator macosx xros xrsimulator";
				SWIFT_APPROACHABLE_CONCURRENCY = YES;
				SWIFT_EMIT_LOC_STRINGS = NO;
				SWIFT_UPCOMING_FEATURE_MEMBER_IMPORT_VISIBILITY = YES;
				SWIFT_VERSION = 5.0;
				TARGETED_DEVICE_FAMILY = "1,2,7";
				TEST_TARGET_NAME = XFENetworkMonitor;
				XROS_DEPLOYMENT_TARGET = 26.1;
			};
			name = Debug;
		};
		1880D8A42ED7EF7000BF6014 /* Release */ = {
			isa = XCBuildConfiguration;
			buildSettings = {
				CODE_SIGN_STYLE = Automatic;
				CURRENT_PROJECT_VERSION = 1;
				GENERATE_INFOPLIST_FILE = YES;
				IPHONEOS_DEPLOYMENT_TARGET = 26.1;
				MACOSX_DEPLOYMENT_TARGET = 26.1;
				MARKETING_VERSION = 1.0;
				PRODUCT_BUNDLE_IDENTIFIER = xfehome.XFENetworkMonitorUITests;
				PRODUCT_NAME = "$(TARGET_NAME)";
				SDKROOT = auto;
				STRING_CATALOG_GENERATE_SYMBOLS = NO;
				SUPPORTED_PLATFORMS = "iphoneos iphonesimulator macosx xros xrsimulator";
				SWIFT_APPROACHABLE_CONCURRENCY = YES;
				SWIFT_EMIT_LOC_STRINGS = NO;
				SWIFT_UPCOMING_FEATURE_MEMBER_IMPORT_VISIBILITY = YES;
				SWIFT_VERSION = 5.0;
				TARGETED_DEVICE_FAMILY = "1,2,7";
				TEST_TARGET_NAME = XFENetworkMonitor;
				XROS_DEPLOYMENT_TARGET = 26.1;
			};
			name = Release;
		};
/* End XCBuildConfiguration section */

/* Begin XCConfigurationList section */
		1880D8762ED7EF6F00BF6014 /* Build configuration list for PBXProject "XFENetworkMonitor" */ = {
			isa = XCConfigurationList;
			buildConfigurations = (
				1880D89A2ED7EF7000BF6014 /* Debug */,
				1880D89B2ED7EF7000BF6014 /* Release */,
			);
			defaultConfigurationIsVisible = 0;
			defaultConfigurationName = Release;
		};
		1880D89C2ED7EF7000BF6014 /* Build configuration list for PBXNativeTarget "XFENetworkMonitor" */ = {
			isa = XCConfigurationList;
			buildConfigurations = (
				1880D89D2ED7EF7000BF6014 /* Debug */,
				1880D89E2ED7EF7000BF6014 /* Release */,
			);
			defaultConfigurationIsVisible = 0;
			defaultConfigurationName = Release;
		};
		1880D89F2ED7EF7000BF6014 /* Build configuration list for PBXNativeTarget "XFENetworkMonitorTests" */ = {
			isa = XCConfigurationList;
			buildConfigurations = (
				1880D8A02ED7EF7000BF6014 /* Debug */,
				1880D8A12ED7EF7000BF6014 /* Release */,
			);
			defaultConfigurationIsVisible = 0;
			defaultConfigurationName = Release;
		};
		1880D8A22ED7EF7000BF6014 /* Build configuration list for PBXNativeTarget "XFENetworkMonitorUITests" */ = {
			isa = XCConfigurationList;
			buildConfigurations = (
				1880D8A32ED7EF7000BF6014 /* Debug */,
				1880D8A42ED7EF7000BF6014 /* Release */,
			);
			defaultConfigurationIsVisible = 0;
			defaultConfigurationName = Release;
		};
/* End XCConfigurationList section */
	};
	rootObject = 1880D8732ED7EF6F00BF6014 /* Project object */;
}
